
Microsoft Visual Studio Solution File, Format Version 12.00
# Visual Studio 15
VisualStudioVersion = 15.0.26730.16
MinimumVisualStudioVersion = 10.0.40219.1
Project("{FAE04EC0-301F-11D3-BF4B-00C04F79EFBC}") = "TestSolution.TestProjectSuccess", "TestSolution.TestProjectSuccess.csproj", "{516DE20F-4B59-44F2-9AEF-D642C5303118}"
EndProject
Global
	GlobalSection(SolutionConfigurationPlatforms) = preSolution
		Debug|Any CPU = Debug|Any CPU
		Release|Any CPU = Release|Any CPU
	EndGlobalSection
	GlobalSection(ProjectConfigurationPlatforms) = postSolution
		{516DE20F-4B59-44F2-9AEF-D642C5303118}.Debug|Any CPU.ActiveCfg = Debug|Any CPU
		{516DE20F-4B59-44F2-9AEF-D642C5303118}.Debug|Any CPU.Build.0 = Debug|Any CPU
		{516DE20F-4B59-44F2-9AEF-D642C5303118}.Release|Any CPU.ActiveCfg = Release|Any CPU
		{516DE20F-4B59-44F2-9AEF-D642C5303118}.Release|Any CPU.Build.0 = Release|Any CPU
	EndGlobalSection
	GlobalSection(SolutionProperties) = preSolution
		HideSolutionNode = FALSE
	EndGlobalSection
	GlobalSection(ExtensibilityGlobals) = postSolution
		SolutionGuid = {C3DE12B4-6AB7-4465-BED7-CDFE99CE51E2}
	EndGlobalSection
EndGlobal
