
Microsoft Visual Studio Solution File, Format Version 14.00
# Visual Studio 2015
VisualStudioVersion = 14.0.23107.0
MinimumVisualStudioVersion = 10.0.40219.1
Project("{FAE04EC0-301F-11D3-BF4B-00C04F79EFBC}") = "Conventional", "Conventional\Conventional.csproj", "{E04519C0-36D0-42E9-8AF0-B27F2DF37A3E}"
EndProject
Project("{FAE04EC0-301F-11D3-BF4B-00C04F79EFBC}") = "Conventional.Tests", "Conventional.Tests\Conventional.Tests.csproj", "{1C40BCBB-4448-4B43-BB46-494F64D38F4A}"
EndProject
Project("{FAE04EC0-301F-11D3-BF4B-00C04F79EFBC}") = "Conventional.Net45", "Conventional.Net45\Conventional.Net45.csproj", "{57AF9DE9-2A38-4208-B832-5608C7C7FE81}"
EndProject
Project("{FAE04EC0-301F-11D3-BF4B-00C04F79EFBC}") = "Conventional.Tests.Net45", "Conventional.Tests.Net45\Conventional.Tests.Net45.csproj", "{72189960-28E2-402F-8F51-992ED2515B76}"
EndProject
Global
	GlobalSection(SolutionConfigurationPlatforms) = preSolution
		Debug|Any CPU = Debug|Any CPU
		Release|Any CPU = Release|Any CPU
	EndGlobalSection
	GlobalSection(ProjectConfigurationPlatforms) = postSolution
		{E04519C0-36D0-42E9-8AF0-B27F2DF37A3E}.Debug|Any CPU.ActiveCfg = Debug|Any CPU
		{E04519C0-36D0-42E9-8AF0-B27F2DF37A3E}.Debug|Any CPU.Build.0 = Debug|Any CPU
		{E04519C0-36D0-42E9-8AF0-B27F2DF37A3E}.Release|Any CPU.ActiveCfg = Release|Any CPU
		{E04519C0-36D0-42E9-8AF0-B27F2DF37A3E}.Release|Any CPU.Build.0 = Release|Any CPU
		{1C40BCBB-4448-4B43-BB46-494F64D38F4A}.Debug|Any CPU.ActiveCfg = Debug|Any CPU
		{1C40BCBB-4448-4B43-BB46-494F64D38F4A}.Debug|Any CPU.Build.0 = Debug|Any CPU
		{1C40BCBB-4448-4B43-BB46-494F64D38F4A}.Release|Any CPU.ActiveCfg = Release|Any CPU
		{1C40BCBB-4448-4B43-BB46-494F64D38F4A}.Release|Any CPU.Build.0 = Release|Any CPU
		{57AF9DE9-2A38-4208-B832-5608C7C7FE81}.Debug|Any CPU.ActiveCfg = Debug|Any CPU
		{57AF9DE9-2A38-4208-B832-5608C7C7FE81}.Debug|Any CPU.Build.0 = Debug|Any CPU
		{57AF9DE9-2A38-4208-B832-5608C7C7FE81}.Release|Any CPU.ActiveCfg = Release|Any CPU
		{57AF9DE9-2A38-4208-B832-5608C7C7FE81}.Release|Any CPU.Build.0 = Release|Any CPU
		{72189960-28E2-402F-8F51-992ED2515B76}.Debug|Any CPU.ActiveCfg = Debug|Any CPU
		{72189960-28E2-402F-8F51-992ED2515B76}.Debug|Any CPU.Build.0 = Debug|Any CPU
		{72189960-28E2-402F-8F51-992ED2515B76}.Release|Any CPU.ActiveCfg = Release|Any CPU
		{72189960-28E2-402F-8F51-992ED2515B76}.Release|Any CPU.Build.0 = Release|Any CPU
	EndGlobalSection
	GlobalSection(SolutionProperties) = preSolution
		HideSolutionNode = FALSE
	EndGlobalSection
EndGlobal
